version: 1.0
shards:
  http-protection:
    github: rogeriozambon/http-protection
    commit: 2638b64baa4cd2aa7e61438ad61a239634f24beb

  ipaddress:
    github: sija/ipaddress.cr
    version: 0.1.2

  kemal:
    github: kemalcr/kemal
    version: 0.22.0

  kilt:
    github: jeromegn/kilt
    version: 0.4.0

  maxminddb:
    github: delef/maxminddb.cr
    version: 0.6.4

  radix:
    github: luislavena/radix
    version: 0.3.8

